# This file is autogenerated, do not edit; changes may be undone by the next 'dep ensure'.


[[projects]]
  name = "github.com/dgrijalva/jwt-go"
  packages = ["."]
  revision = "d2709f9f1f31ebcda9651b03077758c1f3a0018c"
  version = "v3.0.0"

[[projects]]
  name = "github.com/go-playground/locales"
  packages = [".","currency"]
  revision = "1e5f1161c6416a5ff48840eb8724a394e48cc534"

[[projects]]
  branch = "master"
  name = "github.com/go-playground/universal-translator"
  packages = ["."]
  revision = "71201497bace774495daed26a3874fd339e0b538"

[[projects]]
  name = "github.com/labstack/echo"
  packages = [".","middleware"]
  revision = "1049c9613cd371b7ea8f219404c9a821734781ed"
  version = "v3.1.0"

[[projects]]
  name = "github.com/labstack/gommon"
  packages = ["bytes","color","log","random"]
  revision = "1121fd3e243c202482226a7afe4dcd07ffc4139a"
  version = "v0.2.1"

[[projects]]
  name = "github.com/mattn/go-colorable"
  packages = ["."]
  revision = "ded68f7a9561c023e790de24279db7ebf473ea80"

[[projects]]
  name = "github.com/mattn/go-isatty"
  packages = ["."]
  revision = "fc9e8d8ef48496124e79ae0df75490096eccf6fe"
  version = "v0.0.2"

[[projects]]
  name = "github.com/patrickmn/go-cache"
  packages = ["."]
  revision = "7ac151875ffb48b9f3ccce9ea20f020b0c1596c8"

[[projects]]
  branch = "master"
  name = "github.com/qichengzx/qcloudsms_go"
  packages = ["."]
  revision = "2c77fefc7e690d4a1ed7bb19ca3c0c21b9186b5b"

[[projects]]
  name = "github.com/sdvdxl/dinghook"
  packages = ["."]
  revision = "24299be8d80f17a5a5641731abb77824df8f750e"

[[projects]]
  name = "github.com/sdvdxl/falcon-message"
  packages = ["util"]
  revision = "e4d834f640bb744738b251a037b8afaf75ce912d"
  version = "0.0.1"

[[projects]]
  name = "github.com/sdvdxl/go-tools"
  packages = ["encrypt"]
  revision = "92b617ee18bcd203ea85d61ae203b3fdc178aba5"

[[projects]]
  name = "github.com/tylerb/graceful"
  packages = ["."]
  revision = "4654dfbb6ad53cb5e27f37d99b02e16c1872fbbb"
  version = "v1.2.15"

[[projects]]
  branch = "master"
  name = "github.com/valyala/bytebufferpool"
  packages = ["."]
  revision = "e746df99fe4a3986f4d4f79e13c1e0117ce9c2f7"

[[projects]]
  branch = "master"
  name = "github.com/valyala/fasttemplate"
  packages = ["."]
  revision = "dcecefd839c4193db0d35b88ec65b4c12d360ab0"

[[projects]]
  name = "golang.org/x/crypto"
  packages = ["acme","acme/autocert"]
  revision = "e7ba82683099cae71475961448ab8f903ea77c26"

[[projects]]
  branch = "master"
  name = "golang.org/x/sys"
  packages = ["unix"]
  revision = "0b25a408a50076fbbcae6b7ac0ea5fbb0b085e79"

[[projects]]
  name = "gopkg.in/go-playground/validator.v9"
  packages = ["."]
  revision = "6d8c18553ea1ac493d049edd6f102f52e618f085"
  version = "v9.3.6"

[solve-meta]
  analyzer-name = "dep"
  analyzer-version = 1
  inputs-digest = "947c15ac0bfe6a8f084437355120b2ee9bf76b55a57852b16e812c371aa89176"
  solver-name = "gps-cdcl"
  solver-version = 1
